{
    "_readme": [
        "This file locks the dependencies of your project to a known state",
        "Read more about it at https://getcomposer.org/doc/01-basic-usage.md#installing-dependencies",
        "This file is @generated automatically"
    ],
    "content-hash": "648476139f09aef406475c1adbe2b8ae",
    "packages": [
        {
            "name": "wp-php-toolkit/reprint-server",
            "version": "dev-phase-a",
            "dist": {
                "type": "path",
                "url": "../packages/reprint-server",
                "reference": "4d64a43e8bb6d4c748446c3c73fdf2bcac1cf326"
            },
            "require": {
                "php": ">=7.2"
            },
            "replace": {
                "wp-php-toolkit/reprint-exporter": "self.version"
            },
            "suggest": {
                "ext-pdo": "Needed for the SQLite export path; recommended for MySQL exports (the wpdb fallback handles MySQL when absent).",
                "ext-pdo_mysql": "Recommended for MySQL exports; falls back to wpdb when absent."
            },
            "type": "library",
            "autoload": {
                "classmap": [
                    "src/"
                ],
                "exclude-from-classmap": [
                    "/src/class-pdo-polyfill.php"
                ],
                "files": [
                    "src/utils.php",
                    "src/class-pdo-polyfill.php"
                ]
            },
            "license": [
                "GPL-2.0-or-later"
            ],
            "description": "Streaming export engine used by the Reprint Server WordPress plugin",
            "transport-options": {
                "symlink": false,
                "relative": true
            }
        }
    ],
    "packages-dev": [],
    "aliases": [],
    "minimum-stability": "dev",
    "stability-flags": {
        "wp-php-toolkit/reprint-server": 20
    },
    "prefer-stable": true,
    "prefer-lowest": false,
    "platform": {
        "php": ">=7.4"
    },
    "platform-dev": {},
    "plugin-api-version": "2.9.0"
}
